
Microsoft Visual Studio Solution File, Format Version 12.00
# Visual Studio Version 17
VisualStudioVersion = 17.4.33205.214
MinimumVisualStudioVersion = 10.0.40219.1
Project("{FAE04EC0-301F-11D3-BF4B-00C04F79EFBC}") = "BulkyBookWeb", "BulkyBookWeb\BulkyBookWeb.csproj", "{CF612972-DE0A-4C7D-9B2A-F9677752D1F7}"
EndProject
Global
	GlobalSection(SolutionConfigurationPlatforms) = preSolution
		Debug|Any CPU = Debug|Any CPU
		Release|Any CPU = Release|Any CPU
	EndGlobalSection
	GlobalSection(ProjectConfigurationPlatforms) = postSolution
		{CF612972-DE0A-4C7D-9B2A-F9677752D1F7}.Debug|Any CPU.ActiveCfg = Debug|Any CPU
		{CF612972-DE0A-4C7D-9B2A-F9677752D1F7}.Debug|Any CPU.Build.0 = Debug|Any CPU
		{CF612972-DE0A-4C7D-9B2A-F9677752D1F7}.Release|Any CPU.ActiveCfg = Release|Any CPU
		{CF612972-DE0A-4C7D-9B2A-F9677752D1F7}.Release|Any CPU.Build.0 = Release|Any CPU
	EndGlobalSection
	GlobalSection(SolutionProperties) = preSolution
		HideSolutionNode = FALSE
	EndGlobalSection
	GlobalSection(ExtensibilityGlobals) = postSolution
		SolutionGuid = {8DE50D0C-425E-44D6-A54D-3BE66C7DF299}
	EndGlobalSection
EndGlobal
